// !$*UTF8*$!
{
	archiveVersion = 1;
	classes = {
	};
	objectVersion = 51;
	objects = {

/* Begin PBXBuildFile section */
		1DE9EBBD0528CE3F71FB2DAD /* Pods_ios_challenge.framework in Frameworks */ = {isa = PBXBuildFile; fileRef = D876E86B6FD047F77FA00C78 /* Pods_ios_challenge.framework */; };
		A62AA54E279C63B0007E5509 /* ImageLoader.swift in Sources */ = {isa = PBXBuildFile; fileRef = A62AA54D279C63B0007E5509 /* ImageLoader.swift */; };
		A62AA550279C646B007E5509 /* SDWebImage+Extensions.swift in Sources */ = {isa = PBXBuildFile; fileRef = A62AA54F279C646B007E5509 /* SDWebImage+Extensions.swift */; };
		A62AA552279C66C1007E5509 /* MovieCellViewModel.swift in Sources */ = {isa = PBXBuildFile; fileRef = A62AA551279C66C1007E5509 /* MovieCellViewModel.swift */; };
		A6856E73279B759800EA35D5 /* AppDelegate.swift in Sources */ = {isa = PBXBuildFile; fileRef = A6856E72279B759800EA35D5 /* AppDelegate.swift */; };
		A6856E7A279B759800EA35D5 /* Main.storyboard in Resources */ = {isa = PBXBuildFile; fileRef = A6856E78279B759800EA35D5 /* Main.storyboard */; };
		A6856E7C279B759900EA35D5 /* Assets.xcassets in Resources */ = {isa = PBXBuildFile; fileRef = A6856E7B279B759900EA35D5 /* Assets.xcassets */; };
		A6856E7F279B759900EA35D5 /* LaunchScreen.storyboard in Resources */ = {isa = PBXBuildFile; fileRef = A6856E7D279B759900EA35D5 /* LaunchScreen.storyboard */; };
		A6856E89279B775700EA35D5 /* HomeViewController.swift in Sources */ = {isa = PBXBuildFile; fileRef = A6856E88279B775700EA35D5 /* HomeViewController.swift */; };
		A6856E8C279B777200EA35D5 /* UIViewController+Extensions.swift in Sources */ = {isa = PBXBuildFile; fileRef = A6856E8B279B777200EA35D5 /* UIViewController+Extensions.swift */; };
		A6856E92279B7AFF00EA35D5 /* Routes.swift in Sources */ = {isa = PBXBuildFile; fileRef = A6856E91279B7AFF00EA35D5 /* Routes.swift */; };
		A6856E95279B7DB100EA35D5 /* ApiKey.swift in Sources */ = {isa = PBXBuildFile; fileRef = A6856E94279B7DB100EA35D5 /* ApiKey.swift */; };
		A6856E97279B7FC700EA35D5 /* NetworkService.swift in Sources */ = {isa = PBXBuildFile; fileRef = A6856E96279B7FC700EA35D5 /* NetworkService.swift */; };
		A6856E99279B7FEB00EA35D5 /* NetworkServiceError.swift in Sources */ = {isa = PBXBuildFile; fileRef = A6856E98279B7FEB00EA35D5 /* NetworkServiceError.swift */; };
		A6856E9B279B808D00EA35D5 /* Messages.swift in Sources */ = {isa = PBXBuildFile; fileRef = A6856E9A279B808D00EA35D5 /* Messages.swift */; };
		A6856E9F279B82AC00EA35D5 /* Movie.swift in Sources */ = {isa = PBXBuildFile; fileRef = A6856E9E279B82AC00EA35D5 /* Movie.swift */; };
		A6856EA1279B837300EA35D5 /* GetMoviesResponse.swift in Sources */ = {isa = PBXBuildFile; fileRef = A6856EA0279B837300EA35D5 /* GetMoviesResponse.swift */; };
		A6856EA4279B841500EA35D5 /* Log.swift in Sources */ = {isa = PBXBuildFile; fileRef = A6856EA3279B841500EA35D5 /* Log.swift */; };
		A6856EA6279BEDA200EA35D5 /* Home.storyboard in Resources */ = {isa = PBXBuildFile; fileRef = A6856EA5279BEDA200EA35D5 /* Home.storyboard */; };
		A6856EAA279BEEC400EA35D5 /* HomeHeaderView.swift in Sources */ = {isa = PBXBuildFile; fileRef = A6856EA9279BEEC400EA35D5 /* HomeHeaderView.swift */; };
		A6856EAC279BEEDB00EA35D5 /* HomeHeaderView.xib in Resources */ = {isa = PBXBuildFile; fileRef = A6856EAB279BEEDB00EA35D5 /* HomeHeaderView.xib */; };
		A6856EB1279BF25E00EA35D5 /* HomeHeaderCollectionCell.swift in Sources */ = {isa = PBXBuildFile; fileRef = A6856EAF279BF25E00EA35D5 /* HomeHeaderCollectionCell.swift */; };
		A6856EB2279BF25E00EA35D5 /* HomeHeaderCollectionCell.xib in Resources */ = {isa = PBXBuildFile; fileRef = A6856EB0279BF25E00EA35D5 /* HomeHeaderCollectionCell.xib */; };
		A6856EB6279BF6AA00EA35D5 /* HomeTableCell.swift in Sources */ = {isa = PBXBuildFile; fileRef = A6856EB4279BF6AA00EA35D5 /* HomeTableCell.swift */; };
		A6856EB7279BF6AA00EA35D5 /* HomeTableCell.xib in Resources */ = {isa = PBXBuildFile; fileRef = A6856EB5279BF6AA00EA35D5 /* HomeTableCell.xib */; };
		A6856EB9279C226E00EA35D5 /* Colors.swift in Sources */ = {isa = PBXBuildFile; fileRef = A6856EB8279C226E00EA35D5 /* Colors.swift */; };
		A6856EBB279C22E100EA35D5 /* UIColor+Extension.swift in Sources */ = {isa = PBXBuildFile; fileRef = A6856EBA279C22E100EA35D5 /* UIColor+Extension.swift */; };
		A6856EBE279C2D4200EA35D5 /* HomeViewModel.swift in Sources */ = {isa = PBXBuildFile; fileRef = A6856EBD279C2D4100EA35D5 /* HomeViewModel.swift */; };
		A6856EC0279C405800EA35D5 /* ActivityIndicatorManager.swift in Sources */ = {isa = PBXBuildFile; fileRef = A6856EBF279C405800EA35D5 /* ActivityIndicatorManager.swift */; };
		A6856EC2279C40ED00EA35D5 /* Result+Extensions.swift in Sources */ = {isa = PBXBuildFile; fileRef = A6856EC1279C40ED00EA35D5 /* Result+Extensions.swift */; };
		A6856EC5279C411400EA35D5 /* HomePageService.swift in Sources */ = {isa = PBXBuildFile; fileRef = A6856EC4279C411400EA35D5 /* HomePageService.swift */; };
		A6856EC7279C43BC00EA35D5 /* HomePageHeaderViewModel.swift in Sources */ = {isa = PBXBuildFile; fileRef = A6856EC6279C43BC00EA35D5 /* HomePageHeaderViewModel.swift */; };
		A692FD27279CC459006FE803 /* UIView+Extensions.swift in Sources */ = {isa = PBXBuildFile; fileRef = A692FD26279CC459006FE803 /* UIView+Extensions.swift */; };
		A6F2B320279CA366003A5397 /* DetailViewController.swift in Sources */ = {isa = PBXBuildFile; fileRef = A6F2B31F279CA366003A5397 /* DetailViewController.swift */; };
		A6F2B322279CA377003A5397 /* Detail.storyboard in Resources */ = {isa = PBXBuildFile; fileRef = A6F2B321279CA377003A5397 /* Detail.storyboard */; };
		A6F2B325279CA844003A5397 /* DetailPageInfoView.swift in Sources */ = {isa = PBXBuildFile; fileRef = A6F2B324279CA844003A5397 /* DetailPageInfoView.swift */; };
		A6F2B327279CA879003A5397 /* DetailPageInfoView.xib in Resources */ = {isa = PBXBuildFile; fileRef = A6F2B326279CA879003A5397 /* DetailPageInfoView.xib */; };
		A6F2B329279CB078003A5397 /* MovieDetail.swift in Sources */ = {isa = PBXBuildFile; fileRef = A6F2B328279CB078003A5397 /* MovieDetail.swift */; };
		A6F2B32D279CBF07003A5397 /* DetailPageService.swift in Sources */ = {isa = PBXBuildFile; fileRef = A6F2B32C279CBF07003A5397 /* DetailPageService.swift */; };
		A6F2B32F279CBF19003A5397 /* DetailViewModel.swift in Sources */ = {isa = PBXBuildFile; fileRef = A6F2B32E279CBF19003A5397 /* DetailViewModel.swift */; };
/* End PBXBuildFile section */

/* Begin PBXFileReference section */
		5AC4F16D27B53A927E377B2C /* Pods-ios-challenge.release.xcconfig */ = {isa = PBXFileReference; includeInIndex = 1; lastKnownFileType = text.xcconfig; name = "Pods-ios-challenge.release.xcconfig"; path = "Target Support Files/Pods-ios-challenge/Pods-ios-challenge.release.xcconfig"; sourceTree = "<group>"; };
		5C71D718D707E78554BA227A /* Pods-ios-challenge.debug.xcconfig */ = {isa = PBXFileReference; includeInIndex = 1; lastKnownFileType = text.xcconfig; name = "Pods-ios-challenge.debug.xcconfig"; path = "Target Support Files/Pods-ios-challenge/Pods-ios-challenge.debug.xcconfig"; sourceTree = "<group>"; };
		A62AA54D279C63B0007E5509 /* ImageLoader.swift */ = {isa = PBXFileReference; lastKnownFileType = sourcecode.swift; path = ImageLoader.swift; sourceTree = "<group>"; };
		A62AA54F279C646B007E5509 /* SDWebImage+Extensions.swift */ = {isa = PBXFileReference; lastKnownFileType = sourcecode.swift; path = "SDWebImage+Extensions.swift"; sourceTree = "<group>"; };
		A62AA551279C66C1007E5509 /* MovieCellViewModel.swift */ = {isa = PBXFileReference; lastKnownFileType = sourcecode.swift; path = MovieCellViewModel.swift; sourceTree = "<group>"; };
		A6856E6F279B759800EA35D5 /* ios-challenge.app */ = {isa = PBXFileReference; explicitFileType = wrapper.application; includeInIndex = 0; path = "ios-challenge.app"; sourceTree = BUILT_PRODUCTS_DIR; };
		A6856E72279B759800EA35D5 /* AppDelegate.swift */ = {isa = PBXFileReference; lastKnownFileType = sourcecode.swift; path = AppDelegate.swift; sourceTree = "<group>"; };
		A6856E79279B759800EA35D5 /* Base */ = {isa = PBXFileReference; lastKnownFileType = file.storyboard; name = Base; path = Base.lproj/Main.storyboard; sourceTree = "<group>"; };
		A6856E7B279B759900EA35D5 /* Assets.xcassets */ = {isa = PBXFileReference; lastKnownFileType = folder.assetcatalog; path = Assets.xcassets; sourceTree = "<group>"; };
		A6856E7E279B759900EA35D5 /* Base */ = {isa = PBXFileReference; lastKnownFileType = file.storyboard; name = Base; path = Base.lproj/LaunchScreen.storyboard; sourceTree = "<group>"; };
		A6856E80279B759900EA35D5 /* Info.plist */ = {isa = PBXFileReference; lastKnownFileType = text.plist.xml; path = Info.plist; sourceTree = "<group>"; };
		A6856E88279B775700EA35D5 /* HomeViewController.swift */ = {isa = PBXFileReference; lastKnownFileType = sourcecode.swift; path = HomeViewController.swift; sourceTree = "<group>"; };
		A6856E8B279B777200EA35D5 /* UIViewController+Extensions.swift */ = {isa = PBXFileReference; lastKnownFileType = sourcecode.swift; path = "UIViewController+Extensions.swift"; sourceTree = "<group>"; };
		A6856E91279B7AFF00EA35D5 /* Routes.swift */ = {isa = PBXFileReference; lastKnownFileType = sourcecode.swift; path = Routes.swift; sourceTree = "<group>"; };
		A6856E94279B7DB100EA35D5 /* ApiKey.swift */ = {isa = PBXFileReference; lastKnownFileType = sourcecode.swift; path = ApiKey.swift; sourceTree = "<group>"; };
		A6856E96279B7FC700EA35D5 /* NetworkService.swift */ = {isa = PBXFileReference; lastKnownFileType = sourcecode.swift; path = NetworkService.swift; sourceTree = "<group>"; };
		A6856E98279B7FEB00EA35D5 /* NetworkServiceError.swift */ = {isa = PBXFileReference; lastKnownFileType = sourcecode.swift; path = NetworkServiceError.swift; sourceTree = "<group>"; };
		A6856E9A279B808D00EA35D5 /* Messages.swift */ = {isa = PBXFileReference; lastKnownFileType = sourcecode.swift; path = Messages.swift; sourceTree = "<group>"; };
		A6856E9E279B82AC00EA35D5 /* Movie.swift */ = {isa = PBXFileReference; lastKnownFileType = sourcecode.swift; path = Movie.swift; sourceTree = "<group>"; };
		A6856EA0279B837300EA35D5 /* GetMoviesResponse.swift */ = {isa = PBXFileReference; lastKnownFileType = sourcecode.swift; path = GetMoviesResponse.swift; sourceTree = "<group>"; };
		A6856EA3279B841500EA35D5 /* Log.swift */ = {isa = PBXFileReference; lastKnownFileType = sourcecode.swift; path = Log.swift; sourceTree = "<group>"; };
		A6856EA5279BEDA200EA35D5 /* Home.storyboard */ = {isa = PBXFileReference; lastKnownFileType = file.storyboard; path = Home.storyboard; sourceTree = "<group>"; };
		A6856EA9279BEEC400EA35D5 /* HomeHeaderView.swift */ = {isa = PBXFileReference; lastKnownFileType = sourcecode.swift; path = HomeHeaderView.swift; sourceTree = "<group>"; };
		A6856EAB279BEEDB00EA35D5 /* HomeHeaderView.xib */ = {isa = PBXFileReference; lastKnownFileType = file.xib; path = HomeHeaderView.xib; sourceTree = "<group>"; };
		A6856EAF279BF25E00EA35D5 /* HomeHeaderCollectionCell.swift */ = {isa = PBXFileReference; lastKnownFileType = sourcecode.swift; path = HomeHeaderCollectionCell.swift; sourceTree = "<group>"; };
		A6856EB0279BF25E00EA35D5 /* HomeHeaderCollectionCell.xib */ = {isa = PBXFileReference; lastKnownFileType = file.xib; path = HomeHeaderCollectionCell.xib; sourceTree = "<group>"; };
		A6856EB4279BF6AA00EA35D5 /* HomeTableCell.swift */ = {isa = PBXFileReference; lastKnownFileType = sourcecode.swift; path = HomeTableCell.swift; sourceTree = "<group>"; };
		A6856EB5279BF6AA00EA35D5 /* HomeTableCell.xib */ = {isa = PBXFileReference; lastKnownFileType = file.xib; path = HomeTableCell.xib; sourceTree = "<group>"; };
		A6856EB8279C226E00EA35D5 /* Colors.swift */ = {isa = PBXFileReference; lastKnownFileType = sourcecode.swift; path = Colors.swift; sourceTree = "<group>"; };
		A6856EBA279C22E100EA35D5 /* UIColor+Extension.swift */ = {isa = PBXFileReference; lastKnownFileType = sourcecode.swift; path = "UIColor+Extension.swift"; sourceTree = "<group>"; };
		A6856EBD279C2D4100EA35D5 /* HomeViewModel.swift */ = {isa = PBXFileReference; lastKnownFileType = sourcecode.swift; path = HomeViewModel.swift; sourceTree = "<group>"; };
		A6856EBF279C405800EA35D5 /* ActivityIndicatorManager.swift */ = {isa = PBXFileReference; lastKnownFileType = sourcecode.swift; path = ActivityIndicatorManager.swift; sourceTree = "<group>"; };
		A6856EC1279C40ED00EA35D5 /* Result+Extensions.swift */ = {isa = PBXFileReference; lastKnownFileType = sourcecode.swift; path = "Result+Extensions.swift"; sourceTree = "<group>"; };
		A6856EC4279C411400EA35D5 /* HomePageService.swift */ = {isa = PBXFileReference; lastKnownFileType = sourcecode.swift; path = HomePageService.swift; sourceTree = "<group>"; };
		A6856EC6279C43BC00EA35D5 /* HomePageHeaderViewModel.swift */ = {isa = PBXFileReference; lastKnownFileType = sourcecode.swift; path = HomePageHeaderViewModel.swift; sourceTree = "<group>"; };
		A692FD26279CC459006FE803 /* UIView+Extensions.swift */ = {isa = PBXFileReference; lastKnownFileType = sourcecode.swift; path = "UIView+Extensions.swift"; sourceTree = "<group>"; };
		A6F2B31F279CA366003A5397 /* DetailViewController.swift */ = {isa = PBXFileReference; lastKnownFileType = sourcecode.swift; name = DetailViewController.swift; path = "ios-challenge/Application/Detail/DetailViewController.swift"; sourceTree = SOURCE_ROOT; };
		A6F2B321279CA377003A5397 /* Detail.storyboard */ = {isa = PBXFileReference; lastKnownFileType = file.storyboard; path = Detail.storyboard; sourceTree = "<group>"; };
		A6F2B324279CA844003A5397 /* DetailPageInfoView.swift */ = {isa = PBXFileReference; lastKnownFileType = sourcecode.swift; path = DetailPageInfoView.swift; sourceTree = "<group>"; };
		A6F2B326279CA879003A5397 /* DetailPageInfoView.xib */ = {isa = PBXFileReference; lastKnownFileType = file.xib; path = DetailPageInfoView.xib; sourceTree = "<group>"; };
		A6F2B328279CB078003A5397 /* MovieDetail.swift */ = {isa = PBXFileReference; lastKnownFileType = sourcecode.swift; path = MovieDetail.swift; sourceTree = "<group>"; };
		A6F2B32C279CBF07003A5397 /* DetailPageService.swift */ = {isa = PBXFileReference; lastKnownFileType = sourcecode.swift; path = DetailPageService.swift; sourceTree = "<group>"; };
		A6F2B32E279CBF19003A5397 /* DetailViewModel.swift */ = {isa = PBXFileReference; lastKnownFileType = sourcecode.swift; path = DetailViewModel.swift; sourceTree = "<group>"; };
		D876E86B6FD047F77FA00C78 /* Pods_ios_challenge.framework */ = {isa = PBXFileReference; explicitFileType = wrapper.framework; includeInIndex = 0; path = Pods_ios_challenge.framework; sourceTree = BUILT_PRODUCTS_DIR; };
/* End PBXFileReference section */

/* Begin PBXFrameworksBuildPhase section */
		A6856E6C279B759800EA35D5 /* Frameworks */ = {
			isa = PBXFrameworksBuildPhase;
			buildActionMask = 2147483647;
			files = (
				1DE9EBBD0528CE3F71FB2DAD /* Pods_ios_challenge.framework in Frameworks */,
			);
			runOnlyForDeploymentPostprocessing = 0;
		};
/* End PBXFrameworksBuildPhase section */

/* Begin PBXGroup section */
		51251C320C7FE6B7FB85C5FC /* Pods */ = {
			isa = PBXGroup;
			children = (
				5C71D718D707E78554BA227A /* Pods-ios-challenge.debug.xcconfig */,
				5AC4F16D27B53A927E377B2C /* Pods-ios-challenge.release.xcconfig */,
			);
			path = Pods;
			sourceTree = "<group>";
		};
		5863B4AD82297DFB9B7C7F92 /* Frameworks */ = {
			isa = PBXGroup;
			children = (
				D876E86B6FD047F77FA00C78 /* Pods_ios_challenge.framework */,
			);
			name = Frameworks;
			sourceTree = "<group>";
		};
		A6856E66279B759800EA35D5 = {
			isa = PBXGroup;
			children = (
				A6856E71279B759800EA35D5 /* ios-challenge */,
				A6856E70279B759800EA35D5 /* Products */,
				51251C320C7FE6B7FB85C5FC /* Pods */,
				5863B4AD82297DFB9B7C7F92 /* Frameworks */,
			);
			sourceTree = "<group>";
		};
		A6856E70279B759800EA35D5 /* Products */ = {
			isa = PBXGroup;
			children = (
				A6856E6F279B759800EA35D5 /* ios-challenge.app */,
			);
			name = Products;
			sourceTree = "<group>";
		};
		A6856E71279B759800EA35D5 /* ios-challenge */ = {
			isa = PBXGroup;
			children = (
				A6856E86279B774000EA35D5 /* Application */,
				A6856E90279B7AED00EA35D5 /* Network */,
				A6856E8A279B776000EA35D5 /* Extensions */,
				A6856E93279B7DA600EA35D5 /* Constants */,
				A6856EA2279B840B00EA35D5 /* Utils */,
				A6856E72279B759800EA35D5 /* AppDelegate.swift */,
				A6856E78279B759800EA35D5 /* Main.storyboard */,
				A6856E7B279B759900EA35D5 /* Assets.xcassets */,
				A6856E7D279B759900EA35D5 /* LaunchScreen.storyboard */,
				A6856E80279B759900EA35D5 /* Info.plist */,
			);
			path = "ios-challenge";
			sourceTree = "<group>";
		};
		A6856E86279B774000EA35D5 /* Application */ = {
			isa = PBXGroup;
			children = (
				A6F2B31D279CA32C003A5397 /* Detail */,
				A6856E9C279B826000EA35D5 /* Common */,
				A6856E87279B774A00EA35D5 /* Home */,
			);
			path = Application;
			sourceTree = "<group>";
		};
		A6856E87279B774A00EA35D5 /* Home */ = {
			isa = PBXGroup;
			children = (
				A6856EC3279C410700EA35D5 /* Service */,
				A6856EBC279C2D3900EA35D5 /* ViewModel */,
				A6856EA8279BEEAD00EA35D5 /* View */,
				A6856EA7279BEEA400EA35D5 /* ViewController */,
				A6856EA5279BEDA200EA35D5 /* Home.storyboard */,
			);
			path = Home;
			sourceTree = "<group>";
		};
		A6856E8A279B776000EA35D5 /* Extensions */ = {
			isa = PBXGroup;
			children = (
				A6856E8B279B777200EA35D5 /* UIViewController+Extensions.swift */,
				A6856EBA279C22E100EA35D5 /* UIColor+Extension.swift */,
				A6856EC1279C40ED00EA35D5 /* Result+Extensions.swift */,
				A62AA54F279C646B007E5509 /* SDWebImage+Extensions.swift */,
				A692FD26279CC459006FE803 /* UIView+Extensions.swift */,
			);
			path = Extensions;
			sourceTree = "<group>";
		};
		A6856E90279B7AED00EA35D5 /* Network */ = {
			isa = PBXGroup;
			children = (
				A6856E91279B7AFF00EA35D5 /* Routes.swift */,
				A6856E96279B7FC700EA35D5 /* NetworkService.swift */,
				A6856E98279B7FEB00EA35D5 /* NetworkServiceError.swift */,
			);
			path = Network;
			sourceTree = "<group>";
		};
		A6856E93279B7DA600EA35D5 /* Constants */ = {
			isa = PBXGroup;
			children = (
				A6856E94279B7DB100EA35D5 /* ApiKey.swift */,
				A6856E9A279B808D00EA35D5 /* Messages.swift */,
				A6856EB8279C226E00EA35D5 /* Colors.swift */,
			);
			path = Constants;
			sourceTree = "<group>";
		};
		A6856E9C279B826000EA35D5 /* Common */ = {
			isa = PBXGroup;
			children = (
				A6856E9D279B826700EA35D5 /* Models */,
			);
			path = Common;
			sourceTree = "<group>";
		};
		A6856E9D279B826700EA35D5 /* Models */ = {
			isa = PBXGroup;
			children = (
				A6856EA0279B837300EA35D5 /* GetMoviesResponse.swift */,
				A6856E9E279B82AC00EA35D5 /* Movie.swift */,
				A6F2B328279CB078003A5397 /* MovieDetail.swift */,
			);
			path = Models;
			sourceTree = "<group>";
		};
		A6856EA2279B840B00EA35D5 /* Utils */ = {
			isa = PBXGroup;
			children = (
				A6856EA3279B841500EA35D5 /* Log.swift */,
				A6856EBF279C405800EA35D5 /* ActivityIndicatorManager.swift */,
				A62AA54D279C63B0007E5509 /* ImageLoader.swift */,
			);
			path = Utils;
			sourceTree = "<group>";
		};
		A6856EA7279BEEA400EA35D5 /* ViewController */ = {
			isa = PBXGroup;
			children = (
				A6856E88279B775700EA35D5 /* HomeViewController.swift */,
			);
			path = ViewController;
			sourceTree = "<group>";
		};
		A6856EA8279BEEAD00EA35D5 /* View */ = {
			isa = PBXGroup;
			children = (
				A6856EB3279BF68300EA35D5 /* HomeTableCell */,
				A6856EAE279BF23500EA35D5 /* HeaderCollectionCell */,
				A6856EAD279BF22B00EA35D5 /* HeaderView */,
			);
			path = View;
			sourceTree = "<group>";
		};
		A6856EAD279BF22B00EA35D5 /* HeaderView */ = {
			isa = PBXGroup;
			children = (
				A6856EA9279BEEC400EA35D5 /* HomeHeaderView.swift */,
				A6856EAB279BEEDB00EA35D5 /* HomeHeaderView.xib */,
			);
			path = HeaderView;
			sourceTree = "<group>";
		};
		A6856EAE279BF23500EA35D5 /* HeaderCollectionCell */ = {
			isa = PBXGroup;
			children = (
				A6856EAF279BF25E00EA35D5 /* HomeHeaderCollectionCell.swift */,
				A6856EB0279BF25E00EA35D5 /* HomeHeaderCollectionCell.xib */,
			);
			path = HeaderCollectionCell;
			sourceTree = "<group>";
		};
		A6856EB3279BF68300EA35D5 /* HomeTableCell */ = {
			isa = PBXGroup;
			children = (
				A6856EB4279BF6AA00EA35D5 /* HomeTableCell.swift */,
				A6856EB5279BF6AA00EA35D5 /* HomeTableCell.xib */,
			);
			path = HomeTableCell;
			sourceTree = "<group>";
		};
		A6856EBC279C2D3900EA35D5 /* ViewModel */ = {
			isa = PBXGroup;
			children = (
				A6856EBD279C2D4100EA35D5 /* HomeViewModel.swift */,
				A6856EC6279C43BC00EA35D5 /* HomePageHeaderViewModel.swift */,
				A62AA551279C66C1007E5509 /* MovieCellViewModel.swift */,
			);
			path = ViewModel;
			sourceTree = "<group>";
		};
		A6856EC3279C410700EA35D5 /* Service */ = {
			isa = PBXGroup;
			children = (
				A6856EC4279C411400EA35D5 /* HomePageService.swift */,
			);
			path = Service;
			sourceTree = "<group>";
		};
		A6F2B31D279CA32C003A5397 /* Detail */ = {
			isa = PBXGroup;
			children = (
				A6F2B32B279CBEF7003A5397 /* Service */,
				A6F2B32A279CBEF2003A5397 /* ViewModel */,
				A6F2B323279CA832003A5397 /* View */,
				A6F2B31E279CA333003A5397 /* ViewController */,
				A6F2B321279CA377003A5397 /* Detail.storyboard */,
			);
			path = Detail;
			sourceTree = "<group>";
		};
		A6F2B31E279CA333003A5397 /* ViewController */ = {
			isa = PBXGroup;
			children = (
				A6F2B31F279CA366003A5397 /* DetailViewController.swift */,
			);
			path = ViewController;
			sourceTree = "<group>";
		};
		A6F2B323279CA832003A5397 /* View */ = {
			isa = PBXGroup;
			children = (
				A6F2B324279CA844003A5397 /* DetailPageInfoView.swift */,
				A6F2B326279CA879003A5397 /* DetailPageInfoView.xib */,
			);
			path = View;
			sourceTree = "<group>";
		};
		A6F2B32A279CBEF2003A5397 /* ViewModel */ = {
			isa = PBXGroup;
			children = (
				A6F2B32E279CBF19003A5397 /* DetailViewModel.swift */,
			);
			path = ViewModel;
			sourceTree = "<group>";
		};
		A6F2B32B279CBEF7003A5397 /* Service */ = {
			isa = PBXGroup;
			children = (
				A6F2B32C279CBF07003A5397 /* DetailPageService.swift */,
			);
			path = Service;
			sourceTree = "<group>";
		};
/* End PBXGroup section */

/* Begin PBXNativeTarget section */
		A6856E6E279B759800EA35D5 /* ios-challenge */ = {
			isa = PBXNativeTarget;
			buildConfigurationList = A6856E83279B759900EA35D5 /* Build configuration list for PBXNativeTarget "ios-challenge" */;
			buildPhases = (
				35FD068EADB86C7F25A97004 /* [CP] Check Pods Manifest.lock */,
				A6856E6B279B759800EA35D5 /* Sources */,
				A6856E6C279B759800EA35D5 /* Frameworks */,
				A6856E6D279B759800EA35D5 /* Resources */,
				226A3A08659C1A3071096985 /* [CP] Embed Pods Frameworks */,
			);
			buildRules = (
			);
			dependencies = (
			);
			name = "ios-challenge";
			productName = "ios-challenge";
			productReference = A6856E6F279B759800EA35D5 /* ios-challenge.app */;
			productType = "com.apple.product-type.application";
		};
/* End PBXNativeTarget section */

/* Begin PBXProject section */
		A6856E67279B759800EA35D5 /* Project object */ = {
			isa = PBXProject;
			attributes = {
				LastSwiftUpdateCheck = 1250;
				LastUpgradeCheck = 1250;
				TargetAttributes = {
					A6856E6E279B759800EA35D5 = {
						CreatedOnToolsVersion = 12.5.1;
					};
				};
			};
			buildConfigurationList = A6856E6A279B759800EA35D5 /* Build configuration list for PBXProject "ios-challenge" */;
			compatibilityVersion = "Xcode 9.3";
			developmentRegion = en;
			hasScannedForEncodings = 0;
			knownRegions = (
				en,
				Base,
			);
			mainGroup = A6856E66279B759800EA35D5;
			productRefGroup = A6856E70279B759800EA35D5 /* Products */;
			projectDirPath = "";
			projectRoot = "";
			targets = (
				A6856E6E279B759800EA35D5 /* ios-challenge */,
			);
		};
/* End PBXProject section */

/* Begin PBXResourcesBuildPhase section */
		A6856E6D279B759800EA35D5 /* Resources */ = {
			isa = PBXResourcesBuildPhase;
			buildActionMask = 2147483647;
			files = (
				A6856E7F279B759900EA35D5 /* LaunchScreen.storyboard in Resources */,
				A6856EAC279BEEDB00EA35D5 /* HomeHeaderView.xib in Resources */,
				A6F2B327279CA879003A5397 /* DetailPageInfoView.xib in Resources */,
				A6856E7C279B759900EA35D5 /* Assets.xcassets in Resources */,
				A6F2B322279CA377003A5397 /* Detail.storyboard in Resources */,
				A6856EB2279BF25E00EA35D5 /* HomeHeaderCollectionCell.xib in Resources */,
				A6856E7A279B759800EA35D5 /* Main.storyboard in Resources */,
				A6856EB7279BF6AA00EA35D5 /* HomeTableCell.xib in Resources */,
				A6856EA6279BEDA200EA35D5 /* Home.storyboard in Resources */,
			);
			runOnlyForDeploymentPostprocessing = 0;
		};
/* End PBXResourcesBuildPhase section */

/* Begin PBXShellScriptBuildPhase section */
		226A3A08659C1A3071096985 /* [CP] Embed Pods Frameworks */ = {
			isa = PBXShellScriptBuildPhase;
			buildActionMask = 2147483647;
			files = (
			);
			inputFileListPaths = (
				"${PODS_ROOT}/Target Support Files/Pods-ios-challenge/Pods-ios-challenge-frameworks-${CONFIGURATION}-input-files.xcfilelist",
			);
			name = "[CP] Embed Pods Frameworks";
			outputFileListPaths = (
				"${PODS_ROOT}/Target Support Files/Pods-ios-challenge/Pods-ios-challenge-frameworks-${CONFIGURATION}-output-files.xcfilelist",
			);
			runOnlyForDeploymentPostprocessing = 0;
			shellPath = /bin/sh;
			shellScript = "\"${PODS_ROOT}/Target Support Files/Pods-ios-challenge/Pods-ios-challenge-frameworks.sh\"\n";
			showEnvVarsInLog = 0;
		};
		35FD068EADB86C7F25A97004 /* [CP] Check Pods Manifest.lock */ = {
			isa = PBXShellScriptBuildPhase;
			buildActionMask = 2147483647;
			files = (
			);
			inputFileListPaths = (
			);
			inputPaths = (
				"${PODS_PODFILE_DIR_PATH}/Podfile.lock",
				"${PODS_ROOT}/Manifest.lock",
			);
			name = "[CP] Check Pods Manifest.lock";
			outputFileListPaths = (
			);
			outputPaths = (
				"$(DERIVED_FILE_DIR)/Pods-ios-challenge-checkManifestLockResult.txt",
			);
			runOnlyForDeploymentPostprocessing = 0;
			shellPath = /bin/sh;
			shellScript = "diff \"${PODS_PODFILE_DIR_PATH}/Podfile.lock\" \"${PODS_ROOT}/Manifest.lock\" > /dev/null\nif [ $? != 0 ] ; then\n    # print error to STDERR\n    echo \"error: The sandbox is not in sync with the Podfile.lock. Run 'pod install' or update your CocoaPods installation.\" >&2\n    exit 1\nfi\n# This output is used by Xcode 'outputs' to avoid re-running this script phase.\necho \"SUCCESS\" > \"${SCRIPT_OUTPUT_FILE_0}\"\n";
			showEnvVarsInLog = 0;
		};
/* End PBXShellScriptBuildPhase section */

/* Begin PBXSourcesBuildPhase section */
		A6856E6B279B759800EA35D5 /* Sources */ = {
			isa = PBXSourcesBuildPhase;
			buildActionMask = 2147483647;
			files = (
				A6F2B325279CA844003A5397 /* DetailPageInfoView.swift in Sources */,
				A6856EC2279C40ED00EA35D5 /* Result+Extensions.swift in Sources */,
				A6F2B32F279CBF19003A5397 /* DetailViewModel.swift in Sources */,
				A62AA550279C646B007E5509 /* SDWebImage+Extensions.swift in Sources */,
				A6F2B329279CB078003A5397 /* MovieDetail.swift in Sources */,
				A6F2B320279CA366003A5397 /* DetailViewController.swift in Sources */,
				A6856EC0279C405800EA35D5 /* ActivityIndicatorManager.swift in Sources */,
				A6856EC7279C43BC00EA35D5 /* HomePageHeaderViewModel.swift in Sources */,
				A62AA552279C66C1007E5509 /* MovieCellViewModel.swift in Sources */,
				A6856EBE279C2D4200EA35D5 /* HomeViewModel.swift in Sources */,
				A6856EAA279BEEC400EA35D5 /* HomeHeaderView.swift in Sources */,
				A6856EB9279C226E00EA35D5 /* Colors.swift in Sources */,
				A692FD27279CC459006FE803 /* UIView+Extensions.swift in Sources */,
				A6F2B32D279CBF07003A5397 /* DetailPageService.swift in Sources */,
				A6856EA1279B837300EA35D5 /* GetMoviesResponse.swift in Sources */,
				A6856E99279B7FEB00EA35D5 /* NetworkServiceError.swift in Sources */,
				A6856EA4279B841500EA35D5 /* Log.swift in Sources */,
				A6856E9B279B808D00EA35D5 /* Messages.swift in Sources */,
				A6856EB1279BF25E00EA35D5 /* HomeHeaderCollectionCell.swift in Sources */,
				A6856EBB279C22E100EA35D5 /* UIColor+Extension.swift in Sources */,
				A6856EC5279C411400EA35D5 /* HomePageService.swift in Sources */,
				A6856E9F279B82AC00EA35D5 /* Movie.swift in Sources */,
				A6856E95279B7DB100EA35D5 /* ApiKey.swift in Sources */,
				A62AA54E279C63B0007E5509 /* ImageLoader.swift in Sources */,
				A6856E73279B759800EA35D5 /* AppDelegate.swift in Sources */,
				A6856EB6279BF6AA00EA35D5 /* HomeTableCell.swift in Sources */,
				A6856E92279B7AFF00EA35D5 /* Routes.swift in Sources */,
				A6856E8C279B777200EA35D5 /* UIViewController+Extensions.swift in Sources */,
				A6856E97279B7FC700EA35D5 /* NetworkService.swift in Sources */,
				A6856E89279B775700EA35D5 /* HomeViewController.swift in Sources */,
			);
			runOnlyForDeploymentPostprocessing = 0;
		};
/* End PBXSourcesBuildPhase section */

/* Begin PBXVariantGroup section */
		A6856E78279B759800EA35D5 /* Main.storyboard */ = {
			isa = PBXVariantGroup;
			children = (
				A6856E79279B759800EA35D5 /* Base */,
			);
			name = Main.storyboard;
			sourceTree = "<group>";
		};
		A6856E7D279B759900EA35D5 /* LaunchScreen.storyboard */ = {
			isa = PBXVariantGroup;
			children = (
				A6856E7E279B759900EA35D5 /* Base */,
			);
			name = LaunchScreen.storyboard;
			sourceTree = "<group>";
		};
/* End PBXVariantGroup section */

/* Begin XCBuildConfiguration section */
		A6856E81279B759900EA35D5 /* Debug */ = {
			isa = XCBuildConfiguration;
			buildSettings = {
				ALWAYS_SEARCH_USER_PATHS = NO;
				CLANG_ANALYZER_NONNULL = YES;
				CLANG_ANALYZER_NUMBER_OBJECT_CONVERSION = YES_AGGRESSIVE;
				CLANG_CXX_LANGUAGE_STANDARD = "gnu++14";
				CLANG_CXX_LIBRARY = "libc++";
				CLANG_ENABLE_MODULES = YES;
				CLANG_ENABLE_OBJC_ARC = YES;
				CLANG_ENABLE_OBJC_WEAK = YES;
				CLANG_WARN_BLOCK_CAPTURE_AUTORELEASING = YES;
				CLANG_WARN_BOOL_CONVERSION = YES;
				CLANG_WARN_COMMA = YES;
				CLANG_WARN_CONSTANT_CONVERSION = YES;
				CLANG_WARN_DEPRECATED_OBJC_IMPLEMENTATIONS = YES;
				CLANG_WARN_DIRECT_OBJC_ISA_USAGE = YES_ERROR;
				CLANG_WARN_DOCUMENTATION_COMMENTS = YES;
				CLANG_WARN_EMPTY_BODY = YES;
				CLANG_WARN_ENUM_CONVERSION = YES;
				CLANG_WARN_INFINITE_RECURSION = YES;
				CLANG_WARN_INT_CONVERSION = YES;
				CLANG_WARN_NON_LITERAL_NULL_CONVERSION = YES;
				CLANG_WARN_OBJC_IMPLICIT_RETAIN_SELF = YES;
				CLANG_WARN_OBJC_LITERAL_CONVERSION = YES;
				CLANG_WARN_OBJC_ROOT_CLASS = YES_ERROR;
				CLANG_WARN_QUOTED_INCLUDE_IN_FRAMEWORK_HEADER = YES;
				CLANG_WARN_RANGE_LOOP_ANALYSIS = YES;
				CLANG_WARN_STRICT_PROTOTYPES = YES;
				CLANG_WARN_SUSPICIOUS_MOVE = YES;
				CLANG_WARN_UNGUARDED_AVAILABILITY = YES_AGGRESSIVE;
				CLANG_WARN_UNREACHABLE_CODE = YES;
				CLANG_WARN__DUPLICATE_METHOD_MATCH = YES;
				COPY_PHASE_STRIP = NO;
				DEBUG_INFORMATION_FORMAT = dwarf;
				ENABLE_STRICT_OBJC_MSGSEND = YES;
				ENABLE_TESTABILITY = YES;
				GCC_C_LANGUAGE_STANDARD = gnu11;
				GCC_DYNAMIC_NO_PIC = NO;
				GCC_NO_COMMON_BLOCKS = YES;
				GCC_OPTIMIZATION_LEVEL = 0;
				GCC_PREPROCESSOR_DEFINITIONS = (
					"DEBUG=1",
					"$(inherited)",
				);
				GCC_WARN_64_TO_32_BIT_CONVERSION = YES;
				GCC_WARN_ABOUT_RETURN_TYPE = YES_ERROR;
				GCC_WARN_UNDECLARED_SELECTOR = YES;
				GCC_WARN_UNINITIALIZED_AUTOS = YES_AGGRESSIVE;
				GCC_WARN_UNUSED_FUNCTION = YES;
				GCC_WARN_UNUSED_VARIABLE = YES;
				IPHONEOS_DEPLOYMENT_TARGET = 14.5;
				MTL_ENABLE_DEBUG_INFO = INCLUDE_SOURCE;
				MTL_FAST_MATH = YES;
				ONLY_ACTIVE_ARCH = YES;
				SDKROOT = iphoneos;
				SWIFT_ACTIVE_COMPILATION_CONDITIONS = DEBUG;
				SWIFT_OPTIMIZATION_LEVEL = "-Onone";
			};
			name = Debug;
		};
		A6856E82279B759900EA35D5 /* Release */ = {
			isa = XCBuildConfiguration;
			buildSettings = {
				ALWAYS_SEARCH_USER_PATHS = NO;
				CLANG_ANALYZER_NONNULL = YES;
				CLANG_ANALYZER_NUMBER_OBJECT_CONVERSION = YES_AGGRESSIVE;
				CLANG_CXX_LANGUAGE_STANDARD = "gnu++14";
				CLANG_CXX_LIBRARY = "libc++";
				CLANG_ENABLE_MODULES = YES;
				CLANG_ENABLE_OBJC_ARC = YES;
				CLANG_ENABLE_OBJC_WEAK = YES;
				CLANG_WARN_BLOCK_CAPTURE_AUTORELEASING = YES;
				CLANG_WARN_BOOL_CONVERSION = YES;
				CLANG_WARN_COMMA = YES;
				CLANG_WARN_CONSTANT_CONVERSION = YES;
				CLANG_WARN_DEPRECATED_OBJC_IMPLEMENTATIONS = YES;
				CLANG_WARN_DIRECT_OBJC_ISA_USAGE = YES_ERROR;
				CLANG_WARN_DOCUMENTATION_COMMENTS = YES;
				CLANG_WARN_EMPTY_BODY = YES;
				CLANG_WARN_ENUM_CONVERSION = YES;
				CLANG_WARN_INFINITE_RECURSION = YES;
				CLANG_WARN_INT_CONVERSION = YES;
				CLANG_WARN_NON_LITERAL_NULL_CONVERSION = YES;
				CLANG_WARN_OBJC_IMPLICIT_RETAIN_SELF = YES;
				CLANG_WARN_OBJC_LITERAL_CONVERSION = YES;
				CLANG_WARN_OBJC_ROOT_CLASS = YES_ERROR;
				CLANG_WARN_QUOTED_INCLUDE_IN_FRAMEWORK_HEADER = YES;
				CLANG_WARN_RANGE_LOOP_ANALYSIS = YES;
				CLANG_WARN_STRICT_PROTOTYPES = YES;
				CLANG_WARN_SUSPICIOUS_MOVE = YES;
				CLANG_WARN_UNGUARDED_AVAILABILITY = YES_AGGRESSIVE;
				CLANG_WARN_UNREACHABLE_CODE = YES;
				CLANG_WARN__DUPLICATE_METHOD_MATCH = YES;
				COPY_PHASE_STRIP = NO;
				DEBUG_INFORMATION_FORMAT = "dwarf-with-dsym";
				ENABLE_NS_ASSERTIONS = NO;
				ENABLE_STRICT_OBJC_MSGSEND = YES;
				GCC_C_LANGUAGE_STANDARD = gnu11;
				GCC_NO_COMMON_BLOCKS = YES;
				GCC_WARN_64_TO_32_BIT_CONVERSION = YES;
				GCC_WARN_ABOUT_RETURN_TYPE = YES_ERROR;
				GCC_WARN_UNDECLARED_SELECTOR = YES;
				GCC_WARN_UNINITIALIZED_AUTOS = YES_AGGRESSIVE;
				GCC_WARN_UNUSED_FUNCTION = YES;
				GCC_WARN_UNUSED_VARIABLE = YES;
				IPHONEOS_DEPLOYMENT_TARGET = 14.5;
				MTL_ENABLE_DEBUG_INFO = NO;
				MTL_FAST_MATH = YES;
				SDKROOT = iphoneos;
				SWIFT_COMPILATION_MODE = wholemodule;
				SWIFT_OPTIMIZATION_LEVEL = "-O";
				VALIDATE_PRODUCT = YES;
			};
			name = Release;
		};
		A6856E84279B759900EA35D5 /* Debug */ = {
			isa = XCBuildConfiguration;
			baseConfigurationReference = 5C71D718D707E78554BA227A /* Pods-ios-challenge.debug.xcconfig */;
			buildSettings = {
				ASSETCATALOG_COMPILER_APPICON_NAME = AppIcon;
				ASSETCATALOG_COMPILER_GLOBAL_ACCENT_COLOR_NAME = AccentColor;
				CODE_SIGN_STYLE = Automatic;
				INFOPLIST_FILE = "ios-challenge/Info.plist";
				IPHONEOS_DEPLOYMENT_TARGET = 12.1;
				LD_RUNPATH_SEARCH_PATHS = (
					"$(inherited)",
					"@executable_path/Frameworks",
				);
				PRODUCT_BUNDLE_IDENTIFIER = "com.cantekinalp.ios-challenge";
				PRODUCT_NAME = "$(TARGET_NAME)";
				SWIFT_VERSION = 5.0;
				TARGETED_DEVICE_FAMILY = 1;
			};
			name = Debug;
		};
		A6856E85279B759900EA35D5 /* Release */ = {
			isa = XCBuildConfiguration;
			baseConfigurationReference = 5AC4F16D27B53A927E377B2C /* Pods-ios-challenge.release.xcconfig */;
			buildSettings = {
				ASSETCATALOG_COMPILER_APPICON_NAME = AppIcon;
				ASSETCATALOG_COMPILER_GLOBAL_ACCENT_COLOR_NAME = AccentColor;
				CODE_SIGN_STYLE = Automatic;
				INFOPLIST_FILE = "ios-challenge/Info.plist";
				IPHONEOS_DEPLOYMENT_TARGET = 12.1;
				LD_RUNPATH_SEARCH_PATHS = (
					"$(inherited)",
					"@executable_path/Frameworks",
				);
				PRODUCT_BUNDLE_IDENTIFIER = "com.cantekinalp.ios-challenge";
				PRODUCT_NAME = "$(TARGET_NAME)";
				SWIFT_VERSION = 5.0;
				TARGETED_DEVICE_FAMILY = 1;
			};
			name = Release;
		};
/* End XCBuildConfiguration section */

/* Begin XCConfigurationList section */
		A6856E6A279B759800EA35D5 /* Build configuration list for PBXProject "ios-challenge" */ = {
			isa = XCConfigurationList;
			buildConfigurations = (
				A6856E81279B759900EA35D5 /* Debug */,
				A6856E82279B759900EA35D5 /* Release */,
			);
			defaultConfigurationIsVisible = 0;
			defaultConfigurationName = Release;
		};
		A6856E83279B759900EA35D5 /* Build configuration list for PBXNativeTarget "ios-challenge" */ = {
			isa = XCConfigurationList;
			buildConfigurations = (
				A6856E84279B759900EA35D5 /* Debug */,
				A6856E85279B759900EA35D5 /* Release */,
			);
			defaultConfigurationIsVisible = 0;
			defaultConfigurationName = Release;
		};
/* End XCConfigurationList section */
	};
	rootObject = A6856E67279B759800EA35D5 /* Project object */;
}
